{
    "_readme": [
        "This file locks the dependencies of your project to a known state",
        "Read more about it at https://getcomposer.org/doc/01-basic-usage.md#installing-dependencies",
        "This file is @generated automatically"
    ],
    "content-hash": "fe9d89f5c7d0b4d0cf896b1f48ebb60d",
    "packages": [
        {
            "name": "joshtronic/php-holidayapi",
            "version": "dev-master",
            "source": {
                "type": "git",
                "url": "https://github.com/joshtronic/php-holidayapi.git",
                "reference": "ad4f80f6262d6d4b24aac9ecbceed5bdf96f9a73"
            },
            "dist": {
                "type": "zip",
                "url": "https://api.github.com/repos/joshtronic/php-holidayapi/zipball/ad4f80f6262d6d4b24aac9ecbceed5bdf96f9a73",
                "reference": "ad4f80f6262d6d4b24aac9ecbceed5bdf96f9a73",
                "shasum": ""
            },
            "require": {
                "php": ">=5.3.0"
            },
            "require-dev": {
                "satooshi/php-coveralls": "~1.0"
            },
            "type": "library",
            "autoload": {
                "psr-4": {
                    "HolidayAPI\\": "src/"
                }
            },
            "notification-url": "https://packagist.org/downloads/",
            "license": [
                "MIT"
            ],
            "authors": [
                {
                    "name": "Josh Sherman",
                    "email": "hello@holidayapi.com",
                    "homepage": "https://holidayapi.com,"
                }
            ],
            "description": "Official PHP library for Holiday API",
            "homepage": "https://github.com/joshtronic/php-holidayapi",
            "keywords": [
                "holiday",
                "holidayapi",
                "holidays"
            ],
            "time": "2016-08-12T02:01:41+00:00"
        }
    ],
    "packages-dev": [],
    "aliases": [],
    "minimum-stability": "stable",
    "stability-flags": {
        "joshtronic/php-holidayapi": 20
    },
    "prefer-stable": false,
    "prefer-lowest": false,
    "platform": [],
    "platform-dev": []
}
